
Microsoft Visual Studio Solution File, Format Version 12.00
# Visual Studio Version 17
VisualStudioVersion = 17.7.34024.191
MinimumVisualStudioVersion = 10.0.40219.1
Project("{2150E333-8FDC-42A3-9474-1A3956D46DE8}") = "FRESHY.Common", "FRESHY.Common", "{D0F0F6F3-5C24-4D1F-9387-D9FC84BC9084}"
EndProject
Project("{2150E333-8FDC-42A3-9474-1A3956D46DE8}") = "FRESHY.Authentication", "FRESHY.Authentication", "{5E34CF0D-C0AD-4935-8211-4F6E9FCE03C4}"
EndProject
Project("{2150E333-8FDC-42A3-9474-1A3956D46DE8}") = "FRESHY.Main", "FRESHY.Main", "{5C8122A0-74B4-4C2B-873A-0590254E6995}"
EndProject
Project("{9A19103F-16F7-4668-BE54-9A1E7A4F7556}") = "FRESHY.Authentication.Domain", "src\FRESHY.Authentication\FRESHY.Authentication.Domain\FRESHY.Authentication.Domain.csproj", "{CA146E8F-6AAE-43C8-8944-C643D7B0DAC8}"
EndProject
Project("{9A19103F-16F7-4668-BE54-9A1E7A4F7556}") = "FRESHY.Authentication.Application", "src\FRESHY.Authentication\FRESHY.Authentication.Application\FRESHY.Authentication.Application.csproj", "{EE6D2402-931D-48CE-B561-42D3D1C737E4}"
EndProject
Project("{9A19103F-16F7-4668-BE54-9A1E7A4F7556}") = "FRESHY.Authentication.Infrastructure", "src\FRESHY.Authentication\FRESHY.Authentication.Infrastructure\FRESHY.Authentication.Infrastructure.csproj", "{E8D8646F-147B-4669-9CA8-DBDBBB26BD9C}"
EndProject
Project("{9A19103F-16F7-4668-BE54-9A1E7A4F7556}") = "FRESHY.Common.Application", "src\FRESHY.Common\FRESHY.Common.Application\FRESHY.Common.Application.csproj", "{1EDD0D0F-89CB-4FE0-AE01-B5C17FD76604}"
EndProject
Project("{9A19103F-16F7-4668-BE54-9A1E7A4F7556}") = "FRESHY.Common.Domain", "src\FRESHY.Common\FRESHY.Common.Domain\FRESHY.Common.Domain.csproj", "{AB23C9BE-22E0-4D4D-886A-1BB8259C22AE}"
EndProject
Project("{9A19103F-16F7-4668-BE54-9A1E7A4F7556}") = "FRESHY.Common.Infrastructure", "src\FRESHY.Common\FRESHY.Common.Infrastructure\FRESHY.Common.Infrastructure.csproj", "{F33FCC8A-C8B0-41F3-948D-7B177618325C}"
EndProject
Project("{9A19103F-16F7-4668-BE54-9A1E7A4F7556}") = "FRESHY.Main.Application", "src\FRESHY.Main\FRESHY.Main.Application\FRESHY.Main.Application.csproj", "{B6F39CD3-24AC-4F6E-9D49-73D7E94A4BE6}"
EndProject
Project("{9A19103F-16F7-4668-BE54-9A1E7A4F7556}") = "FRESHY.Main.Domain", "src\FRESHY.Main\FRESHY.Main.Domain\FRESHY.Main.Domain.csproj", "{C22782C6-B665-49D4-9A01-22EFDEEDC502}"
EndProject
Project("{9A19103F-16F7-4668-BE54-9A1E7A4F7556}") = "FRESHY.Main.Infrastructure", "src\FRESHY.Main\FRESHY.Main.Infrastructure\FRESHY.Main.Infrastructure.csproj", "{AB77BA27-C6C0-4227-86E4-2976B2B6785D}"
EndProject
Project("{2150E333-8FDC-42A3-9474-1A3956D46DE8}") = "src", "src", "{091E2CDF-EB73-4C2E-91D6-9B9000D6433D}"
EndProject
Project("{2150E333-8FDC-42A3-9474-1A3956D46DE8}") = "FRESHY.SharedKernel", "FRESHY.SharedKernel", "{EAB05672-98B6-47D8-8106-5537C80C44CE}"
EndProject
Project("{9A19103F-16F7-4668-BE54-9A1E7A4F7556}") = "FRESHY.SharedKernel", "src\FRESHY.SharedKernel\FRESHY.SharedKernel\FRESHY.SharedKernel.csproj", "{CB3358FB-CC33-4EC2-A491-1CDFF8910507}"
EndProject
Project("{9A19103F-16F7-4668-BE54-9A1E7A4F7556}") = "FRESHY_API", "src\FRESHY_API\FRESHY_API.csproj", "{10C1860A-1AD6-45E6-8BAB-6E841342875C}"
EndProject
Project("{9A19103F-16F7-4668-BE54-9A1E7A4F7556}") = "FRESHY.Main.Contract", "src\FRESHY.Main\FRESHY.Main.Contract\FRESHY.Main.Contract.csproj", "{BE2C0444-8DA2-4135-8FD0-3A73664E9BAA}"
EndProject
Project("{9A19103F-16F7-4668-BE54-9A1E7A4F7556}") = "FRESHY.Authentication.Contract", "src\FRESHY.Authentication\FRESHY.Authentication.Contract\FRESHY.Authentication.Contract.csproj", "{A384DA5A-A439-4A4D-8E53-C16CD5D37D17}"
EndProject
Project("{9A19103F-16F7-4668-BE54-9A1E7A4F7556}") = "FRESHY.Common.Contract", "src\FRESHY.Common\FRESHY.Common.Contract\FRESHY.Common.Contract.csproj", "{6F61EB02-677C-4690-AB2C-4FA5E9A3783B}"
EndProject
Project("{2150E333-8FDC-42A3-9474-1A3956D46DE8}") = "FRESHY.APIGATEAWAY", "FRESHY.APIGATEAWAY", "{5A5DE8D9-7219-4A2A-BBD6-66D3D0B7705B}"
EndProject
Project("{9A19103F-16F7-4668-BE54-9A1E7A4F7556}") = "FRESHY.ApiGateAway", "src\FRESHY.ApiGateAway\FRESHY.ApiGateAway.csproj", "{72A5D40E-EE49-4763-9A33-D953B42E7926}"
EndProject
Project("{2150E333-8FDC-42A3-9474-1A3956D46DE8}") = "FRESHY.Service", "FRESHY.Service", "{A995E5BA-4F9D-4EBF-ABAC-F2E28698CB19}"
EndProject
Project("{9A19103F-16F7-4668-BE54-9A1E7A4F7556}") = "FRESHY_API_AUTHENTICATION", "src\FRESHY_API_AUTHENTICATION\FRESHY_API_AUTHENTICATION.csproj", "{67D00A12-208C-465D-B1CD-575B80D5ECE1}"
EndProject
Project("{9A19103F-16F7-4668-BE54-9A1E7A4F7556}") = "FRESHY.Service", "src\FRESHY.Service\FRESHY.Service.csproj", "{D218C8E3-3373-4EF3-B634-25C536D0ECEF}"
EndProject
Global
	GlobalSection(SolutionConfigurationPlatforms) = preSolution
		Debug|Any CPU = Debug|Any CPU
		Release|Any CPU = Release|Any CPU
	EndGlobalSection
	GlobalSection(ProjectConfigurationPlatforms) = postSolution
		{CA146E8F-6AAE-43C8-8944-C643D7B0DAC8}.Debug|Any CPU.ActiveCfg = Debug|Any CPU
		{CA146E8F-6AAE-43C8-8944-C643D7B0DAC8}.Debug|Any CPU.Build.0 = Debug|Any CPU
		{CA146E8F-6AAE-43C8-8944-C643D7B0DAC8}.Release|Any CPU.ActiveCfg = Release|Any CPU
		{CA146E8F-6AAE-43C8-8944-C643D7B0DAC8}.Release|Any CPU.Build.0 = Release|Any CPU
		{EE6D2402-931D-48CE-B561-42D3D1C737E4}.Debug|Any CPU.ActiveCfg = Debug|Any CPU
		{EE6D2402-931D-48CE-B561-42D3D1C737E4}.Debug|Any CPU.Build.0 = Debug|Any CPU
		{EE6D2402-931D-48CE-B561-42D3D1C737E4}.Release|Any CPU.ActiveCfg = Release|Any CPU
		{EE6D2402-931D-48CE-B561-42D3D1C737E4}.Release|Any CPU.Build.0 = Release|Any CPU
		{E8D8646F-147B-4669-9CA8-DBDBBB26BD9C}.Debug|Any CPU.ActiveCfg = Debug|Any CPU
		{E8D8646F-147B-4669-9CA8-DBDBBB26BD9C}.Debug|Any CPU.Build.0 = Debug|Any CPU
		{E8D8646F-147B-4669-9CA8-DBDBBB26BD9C}.Release|Any CPU.ActiveCfg = Release|Any CPU
		{E8D8646F-147B-4669-9CA8-DBDBBB26BD9C}.Release|Any CPU.Build.0 = Release|Any CPU
		{1EDD0D0F-89CB-4FE0-AE01-B5C17FD76604}.Debug|Any CPU.ActiveCfg = Debug|Any CPU
		{1EDD0D0F-89CB-4FE0-AE01-B5C17FD76604}.Debug|Any CPU.Build.0 = Debug|Any CPU
		{1EDD0D0F-89CB-4FE0-AE01-B5C17FD76604}.Release|Any CPU.ActiveCfg = Release|Any CPU
		{1EDD0D0F-89CB-4FE0-AE01-B5C17FD76604}.Release|Any CPU.Build.0 = Release|Any CPU
		{AB23C9BE-22E0-4D4D-886A-1BB8259C22AE}.Debug|Any CPU.ActiveCfg = Debug|Any CPU
		{AB23C9BE-22E0-4D4D-886A-1BB8259C22AE}.Debug|Any CPU.Build.0 = Debug|Any CPU
		{AB23C9BE-22E0-4D4D-886A-1BB8259C22AE}.Release|Any CPU.ActiveCfg = Release|Any CPU
		{AB23C9BE-22E0-4D4D-886A-1BB8259C22AE}.Release|Any CPU.Build.0 = Release|Any CPU
		{F33FCC8A-C8B0-41F3-948D-7B177618325C}.Debug|Any CPU.ActiveCfg = Debug|Any CPU
		{F33FCC8A-C8B0-41F3-948D-7B177618325C}.Debug|Any CPU.Build.0 = Debug|Any CPU
		{F33FCC8A-C8B0-41F3-948D-7B177618325C}.Release|Any CPU.ActiveCfg = Release|Any CPU
		{F33FCC8A-C8B0-41F3-948D-7B177618325C}.Release|Any CPU.Build.0 = Release|Any CPU
		{B6F39CD3-24AC-4F6E-9D49-73D7E94A4BE6}.Debug|Any CPU.ActiveCfg = Debug|Any CPU
		{B6F39CD3-24AC-4F6E-9D49-73D7E94A4BE6}.Debug|Any CPU.Build.0 = Debug|Any CPU
		{B6F39CD3-24AC-4F6E-9D49-73D7E94A4BE6}.Release|Any CPU.ActiveCfg = Release|Any CPU
		{B6F39CD3-24AC-4F6E-9D49-73D7E94A4BE6}.Release|Any CPU.Build.0 = Release|Any CPU
		{C22782C6-B665-49D4-9A01-22EFDEEDC502}.Debug|Any CPU.ActiveCfg = Debug|Any CPU
		{C22782C6-B665-49D4-9A01-22EFDEEDC502}.Debug|Any CPU.Build.0 = Debug|Any CPU
		{C22782C6-B665-49D4-9A01-22EFDEEDC502}.Release|Any CPU.ActiveCfg = Release|Any CPU
		{C22782C6-B665-49D4-9A01-22EFDEEDC502}.Release|Any CPU.Build.0 = Release|Any CPU
		{AB77BA27-C6C0-4227-86E4-2976B2B6785D}.Debug|Any CPU.ActiveCfg = Debug|Any CPU
		{AB77BA27-C6C0-4227-86E4-2976B2B6785D}.Debug|Any CPU.Build.0 = Debug|Any CPU
		{AB77BA27-C6C0-4227-86E4-2976B2B6785D}.Release|Any CPU.ActiveCfg = Release|Any CPU
		{AB77BA27-C6C0-4227-86E4-2976B2B6785D}.Release|Any CPU.Build.0 = Release|Any CPU
		{CB3358FB-CC33-4EC2-A491-1CDFF8910507}.Debug|Any CPU.ActiveCfg = Debug|Any CPU
		{CB3358FB-CC33-4EC2-A491-1CDFF8910507}.Debug|Any CPU.Build.0 = Debug|Any CPU
		{CB3358FB-CC33-4EC2-A491-1CDFF8910507}.Release|Any CPU.ActiveCfg = Release|Any CPU
		{CB3358FB-CC33-4EC2-A491-1CDFF8910507}.Release|Any CPU.Build.0 = Release|Any CPU
		{10C1860A-1AD6-45E6-8BAB-6E841342875C}.Debug|Any CPU.ActiveCfg = Debug|Any CPU
		{10C1860A-1AD6-45E6-8BAB-6E841342875C}.Debug|Any CPU.Build.0 = Debug|Any CPU
		{10C1860A-1AD6-45E6-8BAB-6E841342875C}.Release|Any CPU.ActiveCfg = Release|Any CPU
		{10C1860A-1AD6-45E6-8BAB-6E841342875C}.Release|Any CPU.Build.0 = Release|Any CPU
		{BE2C0444-8DA2-4135-8FD0-3A73664E9BAA}.Debug|Any CPU.ActiveCfg = Debug|Any CPU
		{BE2C0444-8DA2-4135-8FD0-3A73664E9BAA}.Debug|Any CPU.Build.0 = Debug|Any CPU
		{BE2C0444-8DA2-4135-8FD0-3A73664E9BAA}.Release|Any CPU.ActiveCfg = Release|Any CPU
		{BE2C0444-8DA2-4135-8FD0-3A73664E9BAA}.Release|Any CPU.Build.0 = Release|Any CPU
		{A384DA5A-A439-4A4D-8E53-C16CD5D37D17}.Debug|Any CPU.ActiveCfg = Debug|Any CPU
		{A384DA5A-A439-4A4D-8E53-C16CD5D37D17}.Debug|Any CPU.Build.0 = Debug|Any CPU
		{A384DA5A-A439-4A4D-8E53-C16CD5D37D17}.Release|Any CPU.ActiveCfg = Release|Any CPU
		{A384DA5A-A439-4A4D-8E53-C16CD5D37D17}.Release|Any CPU.Build.0 = Release|Any CPU
		{6F61EB02-677C-4690-AB2C-4FA5E9A3783B}.Debug|Any CPU.ActiveCfg = Debug|Any CPU
		{6F61EB02-677C-4690-AB2C-4FA5E9A3783B}.Debug|Any CPU.Build.0 = Debug|Any CPU
		{6F61EB02-677C-4690-AB2C-4FA5E9A3783B}.Release|Any CPU.ActiveCfg = Release|Any CPU
		{6F61EB02-677C-4690-AB2C-4FA5E9A3783B}.Release|Any CPU.Build.0 = Release|Any CPU
		{72A5D40E-EE49-4763-9A33-D953B42E7926}.Debug|Any CPU.ActiveCfg = Debug|Any CPU
		{72A5D40E-EE49-4763-9A33-D953B42E7926}.Debug|Any CPU.Build.0 = Debug|Any CPU
		{72A5D40E-EE49-4763-9A33-D953B42E7926}.Release|Any CPU.ActiveCfg = Release|Any CPU
		{72A5D40E-EE49-4763-9A33-D953B42E7926}.Release|Any CPU.Build.0 = Release|Any CPU
		{67D00A12-208C-465D-B1CD-575B80D5ECE1}.Debug|Any CPU.ActiveCfg = Debug|Any CPU
		{67D00A12-208C-465D-B1CD-575B80D5ECE1}.Debug|Any CPU.Build.0 = Debug|Any CPU
		{67D00A12-208C-465D-B1CD-575B80D5ECE1}.Release|Any CPU.ActiveCfg = Release|Any CPU
		{67D00A12-208C-465D-B1CD-575B80D5ECE1}.Release|Any CPU.Build.0 = Release|Any CPU
		{D218C8E3-3373-4EF3-B634-25C536D0ECEF}.Debug|Any CPU.ActiveCfg = Debug|Any CPU
		{D218C8E3-3373-4EF3-B634-25C536D0ECEF}.Debug|Any CPU.Build.0 = Debug|Any CPU
		{D218C8E3-3373-4EF3-B634-25C536D0ECEF}.Release|Any CPU.ActiveCfg = Release|Any CPU
		{D218C8E3-3373-4EF3-B634-25C536D0ECEF}.Release|Any CPU.Build.0 = Release|Any CPU
	EndGlobalSection
	GlobalSection(SolutionProperties) = preSolution
		HideSolutionNode = FALSE
	EndGlobalSection
	GlobalSection(NestedProjects) = preSolution
		{D0F0F6F3-5C24-4D1F-9387-D9FC84BC9084} = {091E2CDF-EB73-4C2E-91D6-9B9000D6433D}
		{5E34CF0D-C0AD-4935-8211-4F6E9FCE03C4} = {091E2CDF-EB73-4C2E-91D6-9B9000D6433D}
		{5C8122A0-74B4-4C2B-873A-0590254E6995} = {091E2CDF-EB73-4C2E-91D6-9B9000D6433D}
		{CA146E8F-6AAE-43C8-8944-C643D7B0DAC8} = {5E34CF0D-C0AD-4935-8211-4F6E9FCE03C4}
		{EE6D2402-931D-48CE-B561-42D3D1C737E4} = {5E34CF0D-C0AD-4935-8211-4F6E9FCE03C4}
		{E8D8646F-147B-4669-9CA8-DBDBBB26BD9C} = {5E34CF0D-C0AD-4935-8211-4F6E9FCE03C4}
		{1EDD0D0F-89CB-4FE0-AE01-B5C17FD76604} = {D0F0F6F3-5C24-4D1F-9387-D9FC84BC9084}
		{AB23C9BE-22E0-4D4D-886A-1BB8259C22AE} = {D0F0F6F3-5C24-4D1F-9387-D9FC84BC9084}
		{F33FCC8A-C8B0-41F3-948D-7B177618325C} = {D0F0F6F3-5C24-4D1F-9387-D9FC84BC9084}
		{B6F39CD3-24AC-4F6E-9D49-73D7E94A4BE6} = {5C8122A0-74B4-4C2B-873A-0590254E6995}
		{C22782C6-B665-49D4-9A01-22EFDEEDC502} = {5C8122A0-74B4-4C2B-873A-0590254E6995}
		{AB77BA27-C6C0-4227-86E4-2976B2B6785D} = {5C8122A0-74B4-4C2B-873A-0590254E6995}
		{EAB05672-98B6-47D8-8106-5537C80C44CE} = {091E2CDF-EB73-4C2E-91D6-9B9000D6433D}
		{CB3358FB-CC33-4EC2-A491-1CDFF8910507} = {EAB05672-98B6-47D8-8106-5537C80C44CE}
		{10C1860A-1AD6-45E6-8BAB-6E841342875C} = {091E2CDF-EB73-4C2E-91D6-9B9000D6433D}
		{BE2C0444-8DA2-4135-8FD0-3A73664E9BAA} = {5C8122A0-74B4-4C2B-873A-0590254E6995}
		{A384DA5A-A439-4A4D-8E53-C16CD5D37D17} = {5E34CF0D-C0AD-4935-8211-4F6E9FCE03C4}
		{6F61EB02-677C-4690-AB2C-4FA5E9A3783B} = {D0F0F6F3-5C24-4D1F-9387-D9FC84BC9084}
		{5A5DE8D9-7219-4A2A-BBD6-66D3D0B7705B} = {091E2CDF-EB73-4C2E-91D6-9B9000D6433D}
		{72A5D40E-EE49-4763-9A33-D953B42E7926} = {5A5DE8D9-7219-4A2A-BBD6-66D3D0B7705B}
		{A995E5BA-4F9D-4EBF-ABAC-F2E28698CB19} = {091E2CDF-EB73-4C2E-91D6-9B9000D6433D}
		{67D00A12-208C-465D-B1CD-575B80D5ECE1} = {091E2CDF-EB73-4C2E-91D6-9B9000D6433D}
		{D218C8E3-3373-4EF3-B634-25C536D0ECEF} = {A995E5BA-4F9D-4EBF-ABAC-F2E28698CB19}
	EndGlobalSection
	GlobalSection(ExtensibilityGlobals) = postSolution
		SolutionGuid = {66FDB569-DE74-4215-9039-ABF17DB138FE}
	EndGlobalSection
EndGlobal
